// !$*UTF8*$!
{
	archiveVersion = 1;
	classes = {
	};
	objectVersion = 56;
	objects = {

/* Begin PBXBuildFile section */
		3F32666C2A498593009298CB /* main.cpp in Sources */ = {isa = PBXBuildFile; fileRef = 3F32666B2A498593009298CB /* main.cpp */; };
		3F3266752A49860B009298CB /* ClassReader.cpp in Sources */ = {isa = PBXBuildFile; fileRef = 3F3266732A49860B009298CB /* ClassReader.cpp */; };
		3F3DD6432A4EA82300420E34 /* InstanceKlass.cpp in Sources */ = {isa = PBXBuildFile; fileRef = 3F3DD6412A4EA82300420E34 /* InstanceKlass.cpp */; };
		3F3DD6472A4EA91500420E34 /* ClassFileParser.cpp in Sources */ = {isa = PBXBuildFile; fileRef = 3F3DD6452A4EA91500420E34 /* ClassFileParser.cpp */; };
		3F3DD64A2A4EBA2C00420E34 /* ConstantPool.cpp in Sources */ = {isa = PBXBuildFile; fileRef = 3F3DD6482A4EBA2C00420E34 /* ConstantPool.cpp */; };
		3F3DD64E2A4F799600420E34 /* Constants.cpp in Sources */ = {isa = PBXBuildFile; fileRef = 3F3DD64C2A4F799600420E34 /* Constants.cpp */; };
		3F41D7DE2A53A7EC00689856 /* MethodInfo.cpp in Sources */ = {isa = PBXBuildFile; fileRef = 3F41D7DC2A53A7EC00689856 /* MethodInfo.cpp */; };
		3F41D7E12A53A82200689856 /* AttributeInfo.cpp in Sources */ = {isa = PBXBuildFile; fileRef = 3F41D7DF2A53A82200689856 /* AttributeInfo.cpp */; };
		3F41D7E42A53DF4E00689856 /* CodeAttributeInfo.cpp in Sources */ = {isa = PBXBuildFile; fileRef = 3F41D7E22A53DF4E00689856 /* CodeAttributeInfo.cpp */; };
		3F41D7E82A53F18C00689856 /* ByteCodeStream.cpp in Sources */ = {isa = PBXBuildFile; fileRef = 3F41D7E62A53F18C00689856 /* ByteCodeStream.cpp */; };
		3F41D7EB2A54F22200689856 /* LineNumberTable.cpp in Sources */ = {isa = PBXBuildFile; fileRef = 3F41D7E92A54F22200689856 /* LineNumberTable.cpp */; };
		3F41D7EE2A5635AC00689856 /* LocalVariableTable.cpp in Sources */ = {isa = PBXBuildFile; fileRef = 3F41D7EC2A5635AC00689856 /* LocalVariableTable.cpp */; };
		3F41D7F12A5645AE00689856 /* ClassLoader.cpp in Sources */ = {isa = PBXBuildFile; fileRef = 3F41D7EF2A5645AE00689856 /* ClassLoader.cpp */; };
		3F41D7F52A56891100689856 /* JavaThread.cpp in Sources */ = {isa = PBXBuildFile; fileRef = 3F41D7F32A56891100689856 /* JavaThread.cpp */; };
		3F41D7F82A56891A00689856 /* JavaVFrame.cpp in Sources */ = {isa = PBXBuildFile; fileRef = 3F41D7F62A56891A00689856 /* JavaVFrame.cpp */; };
		3F41D7FC2A568A8400689856 /* JavaNativeInterface.cpp in Sources */ = {isa = PBXBuildFile; fileRef = 3F41D7FA2A568A8400689856 /* JavaNativeInterface.cpp */; };
/* End PBXBuildFile section */

/* Begin PBXCopyFilesBuildPhase section */
		3F3266662A498593009298CB /* CopyFiles */ = {
			isa = PBXCopyFilesBuildPhase;
			buildActionMask = 2147483647;
			dstPath = /usr/share/man/man1/;
			dstSubfolderSpec = 0;
			files = (
			);
			runOnlyForDeploymentPostprocessing = 1;
		};
/* End PBXCopyFilesBuildPhase section */

/* Begin PBXFileReference section */
		3F3266682A498593009298CB /* RISCV-JVM */ = {isa = PBXFileReference; explicitFileType = "compiled.mach-o.executable"; includeInIndex = 0; path = "RISCV-JVM"; sourceTree = BUILT_PRODUCTS_DIR; };
		3F32666B2A498593009298CB /* main.cpp */ = {isa = PBXFileReference; lastKnownFileType = sourcecode.cpp.cpp; path = main.cpp; sourceTree = "<group>"; };
		3F3266732A49860B009298CB /* ClassReader.cpp */ = {isa = PBXFileReference; lastKnownFileType = sourcecode.cpp.cpp; path = ClassReader.cpp; sourceTree = "<group>"; };
		3F3266742A49860B009298CB /* ClassReader.hpp */ = {isa = PBXFileReference; lastKnownFileType = sourcecode.cpp.h; path = ClassReader.hpp; sourceTree = "<group>"; };
		3F3DD6412A4EA82300420E34 /* InstanceKlass.cpp */ = {isa = PBXFileReference; lastKnownFileType = sourcecode.cpp.cpp; path = InstanceKlass.cpp; sourceTree = "<group>"; };
		3F3DD6422A4EA82300420E34 /* InstanceKlass.hpp */ = {isa = PBXFileReference; lastKnownFileType = sourcecode.cpp.h; path = InstanceKlass.hpp; sourceTree = "<group>"; };
		3F3DD6452A4EA91500420E34 /* ClassFileParser.cpp */ = {isa = PBXFileReference; lastKnownFileType = sourcecode.cpp.cpp; path = ClassFileParser.cpp; sourceTree = "<group>"; };
		3F3DD6462A4EA91500420E34 /* ClassFileParser.hpp */ = {isa = PBXFileReference; lastKnownFileType = sourcecode.cpp.h; path = ClassFileParser.hpp; sourceTree = "<group>"; };
		3F3DD6482A4EBA2C00420E34 /* ConstantPool.cpp */ = {isa = PBXFileReference; lastKnownFileType = sourcecode.cpp.cpp; path = ConstantPool.cpp; sourceTree = "<group>"; };
		3F3DD6492A4EBA2C00420E34 /* ConstantPool.hpp */ = {isa = PBXFileReference; lastKnownFileType = sourcecode.cpp.h; path = ConstantPool.hpp; sourceTree = "<group>"; };
		3F3DD64C2A4F799600420E34 /* Constants.cpp */ = {isa = PBXFileReference; lastKnownFileType = sourcecode.cpp.cpp; path = Constants.cpp; sourceTree = "<group>"; };
		3F3DD64D2A4F799600420E34 /* Constants.hpp */ = {isa = PBXFileReference; lastKnownFileType = sourcecode.cpp.h; path = Constants.hpp; sourceTree = "<group>"; };
		3F41D7DC2A53A7EC00689856 /* MethodInfo.cpp */ = {isa = PBXFileReference; lastKnownFileType = sourcecode.cpp.cpp; path = MethodInfo.cpp; sourceTree = "<group>"; };
		3F41D7DD2A53A7EC00689856 /* MethodInfo.hpp */ = {isa = PBXFileReference; lastKnownFileType = sourcecode.cpp.h; path = MethodInfo.hpp; sourceTree = "<group>"; };
		3F41D7DF2A53A82200689856 /* AttributeInfo.cpp */ = {isa = PBXFileReference; lastKnownFileType = sourcecode.cpp.cpp; path = AttributeInfo.cpp; sourceTree = "<group>"; };
		3F41D7E02A53A82200689856 /* AttributeInfo.hpp */ = {isa = PBXFileReference; lastKnownFileType = sourcecode.cpp.h; path = AttributeInfo.hpp; sourceTree = "<group>"; };
		3F41D7E22A53DF4E00689856 /* CodeAttributeInfo.cpp */ = {isa = PBXFileReference; lastKnownFileType = sourcecode.cpp.cpp; path = CodeAttributeInfo.cpp; sourceTree = "<group>"; };
		3F41D7E32A53DF4E00689856 /* CodeAttributeInfo.hpp */ = {isa = PBXFileReference; lastKnownFileType = sourcecode.cpp.h; path = CodeAttributeInfo.hpp; sourceTree = "<group>"; };
		3F41D7E62A53F18C00689856 /* ByteCodeStream.cpp */ = {isa = PBXFileReference; lastKnownFileType = sourcecode.cpp.cpp; path = ByteCodeStream.cpp; sourceTree = "<group>"; };
		3F41D7E72A53F18C00689856 /* ByteCodeStream.hpp */ = {isa = PBXFileReference; lastKnownFileType = sourcecode.cpp.h; path = ByteCodeStream.hpp; sourceTree = "<group>"; };
		3F41D7E92A54F22200689856 /* LineNumberTable.cpp */ = {isa = PBXFileReference; lastKnownFileType = sourcecode.cpp.cpp; path = LineNumberTable.cpp; sourceTree = "<group>"; };
		3F41D7EA2A54F22200689856 /* LineNumberTable.hpp */ = {isa = PBXFileReference; lastKnownFileType = sourcecode.cpp.h; path = LineNumberTable.hpp; sourceTree = "<group>"; };
		3F41D7EC2A5635AC00689856 /* LocalVariableTable.cpp */ = {isa = PBXFileReference; lastKnownFileType = sourcecode.cpp.cpp; path = LocalVariableTable.cpp; sourceTree = "<group>"; };
		3F41D7ED2A5635AC00689856 /* LocalVariableTable.hpp */ = {isa = PBXFileReference; lastKnownFileType = sourcecode.cpp.h; path = LocalVariableTable.hpp; sourceTree = "<group>"; };
		3F41D7EF2A5645AE00689856 /* ClassLoader.cpp */ = {isa = PBXFileReference; lastKnownFileType = sourcecode.cpp.cpp; path = ClassLoader.cpp; sourceTree = "<group>"; };
		3F41D7F02A5645AE00689856 /* ClassLoader.hpp */ = {isa = PBXFileReference; lastKnownFileType = sourcecode.cpp.h; path = ClassLoader.hpp; sourceTree = "<group>"; };
		3F41D7F32A56891100689856 /* JavaThread.cpp */ = {isa = PBXFileReference; lastKnownFileType = sourcecode.cpp.cpp; path = JavaThread.cpp; sourceTree = "<group>"; };
		3F41D7F42A56891100689856 /* JavaThread.hpp */ = {isa = PBXFileReference; lastKnownFileType = sourcecode.cpp.h; path = JavaThread.hpp; sourceTree = "<group>"; };
		3F41D7F62A56891A00689856 /* JavaVFrame.cpp */ = {isa = PBXFileReference; lastKnownFileType = sourcecode.cpp.cpp; path = JavaVFrame.cpp; sourceTree = "<group>"; };
		3F41D7F72A56891A00689856 /* JavaVFrame.hpp */ = {isa = PBXFileReference; lastKnownFileType = sourcecode.cpp.h; path = JavaVFrame.hpp; sourceTree = "<group>"; };
		3F41D7FA2A568A8400689856 /* JavaNativeInterface.cpp */ = {isa = PBXFileReference; lastKnownFileType = sourcecode.cpp.cpp; path = JavaNativeInterface.cpp; sourceTree = "<group>"; };
		3F41D7FB2A568A8400689856 /* JavaNativeInterface.hpp */ = {isa = PBXFileReference; lastKnownFileType = sourcecode.cpp.h; path = JavaNativeInterface.hpp; sourceTree = "<group>"; };
/* End PBXFileReference section */

/* Begin PBXFrameworksBuildPhase section */
		3F3266652A498593009298CB /* Frameworks */ = {
			isa = PBXFrameworksBuildPhase;
			buildActionMask = 2147483647;
			files = (
			);
			runOnlyForDeploymentPostprocessing = 0;
		};
/* End PBXFrameworksBuildPhase section */

/* Begin PBXGroup section */
		3F32665F2A498593009298CB = {
			isa = PBXGroup;
			children = (
				3F32666A2A498593009298CB /* RISCV-JVM */,
				3F3266692A498593009298CB /* Products */,
			);
			sourceTree = "<group>";
		};
		3F3266692A498593009298CB /* Products */ = {
			isa = PBXGroup;
			children = (
				3F3266682A498593009298CB /* RISCV-JVM */,
			);
			name = Products;
			sourceTree = "<group>";
		};
		3F32666A2A498593009298CB /* RISCV-JVM */ = {
			isa = PBXGroup;
			children = (
				3F41D7F92A568A6200689856 /* Native */,
				3F41D7F22A56884D00689856 /* Runtime */,
				3F41D7E52A53F17800689856 /* Interpreter */,
				3F3DD64B2A4F6F4F00420E34 /* Util */,
				3F3DD6442A4EA89B00420E34 /* Parser */,
				3F3DD6402A4EA80B00420E34 /* OOP */,
				3F3266722A4985F2009298CB /* Stream */,
				3F32666B2A498593009298CB /* main.cpp */,
			);
			path = "RISCV-JVM";
			sourceTree = "<group>";
		};
		3F3266722A4985F2009298CB /* Stream */ = {
			isa = PBXGroup;
			children = (
				3F3266732A49860B009298CB /* ClassReader.cpp */,
				3F3266742A49860B009298CB /* ClassReader.hpp */,
			);
			path = Stream;
			sourceTree = "<group>";
		};
		3F3DD6402A4EA80B00420E34 /* OOP */ = {
			isa = PBXGroup;
			children = (
				3F3DD6412A4EA82300420E34 /* InstanceKlass.cpp */,
				3F3DD6422A4EA82300420E34 /* InstanceKlass.hpp */,
				3F3DD6482A4EBA2C00420E34 /* ConstantPool.cpp */,
				3F3DD6492A4EBA2C00420E34 /* ConstantPool.hpp */,
				3F41D7DC2A53A7EC00689856 /* MethodInfo.cpp */,
				3F41D7DD2A53A7EC00689856 /* MethodInfo.hpp */,
				3F41D7DF2A53A82200689856 /* AttributeInfo.cpp */,
				3F41D7E02A53A82200689856 /* AttributeInfo.hpp */,
				3F41D7E22A53DF4E00689856 /* CodeAttributeInfo.cpp */,
				3F41D7E32A53DF4E00689856 /* CodeAttributeInfo.hpp */,
				3F41D7E92A54F22200689856 /* LineNumberTable.cpp */,
				3F41D7EA2A54F22200689856 /* LineNumberTable.hpp */,
				3F41D7EC2A5635AC00689856 /* LocalVariableTable.cpp */,
				3F41D7ED2A5635AC00689856 /* LocalVariableTable.hpp */,
			);
			path = OOP;
			sourceTree = "<group>";
		};
		3F3DD6442A4EA89B00420E34 /* Parser */ = {
			isa = PBXGroup;
			children = (
				3F3DD6452A4EA91500420E34 /* ClassFileParser.cpp */,
				3F3DD6462A4EA91500420E34 /* ClassFileParser.hpp */,
				3F41D7EF2A5645AE00689856 /* ClassLoader.cpp */,
				3F41D7F02A5645AE00689856 /* ClassLoader.hpp */,
			);
			path = Parser;
			sourceTree = "<group>";
		};
		3F3DD64B2A4F6F4F00420E34 /* Util */ = {
			isa = PBXGroup;
			children = (
				3F3DD64C2A4F799600420E34 /* Constants.cpp */,
				3F3DD64D2A4F799600420E34 /* Constants.hpp */,
			);
			path = Util;
			sourceTree = "<group>";
		};
		3F41D7E52A53F17800689856 /* Interpreter */ = {
			isa = PBXGroup;
			children = (
				3F41D7E62A53F18C00689856 /* ByteCodeStream.cpp */,
				3F41D7E72A53F18C00689856 /* ByteCodeStream.hpp */,
			);
			path = Interpreter;
			sourceTree = "<group>";
		};
		3F41D7F22A56884D00689856 /* Runtime */ = {
			isa = PBXGroup;
			children = (
				3F41D7F32A56891100689856 /* JavaThread.cpp */,
				3F41D7F42A56891100689856 /* JavaThread.hpp */,
				3F41D7F62A56891A00689856 /* JavaVFrame.cpp */,
				3F41D7F72A56891A00689856 /* JavaVFrame.hpp */,
			);
			path = Runtime;
			sourceTree = "<group>";
		};
		3F41D7F92A568A6200689856 /* Native */ = {
			isa = PBXGroup;
			children = (
				3F41D7FA2A568A8400689856 /* JavaNativeInterface.cpp */,
				3F41D7FB2A568A8400689856 /* JavaNativeInterface.hpp */,
			);
			path = Native;
			sourceTree = "<group>";
		};
/* End PBXGroup section */

/* Begin PBXNativeTarget section */
		3F3266672A498593009298CB /* RISCV-JVM */ = {
			isa = PBXNativeTarget;
			buildConfigurationList = 3F32666F2A498594009298CB /* Build configuration list for PBXNativeTarget "RISCV-JVM" */;
			buildPhases = (
				3F3266642A498593009298CB /* Sources */,
				3F3266652A498593009298CB /* Frameworks */,
				3F3266662A498593009298CB /* CopyFiles */,
			);
			buildRules = (
			);
			dependencies = (
			);
			name = "RISCV-JVM";
			productName = "RISCV-JVM";
			productReference = 3F3266682A498593009298CB /* RISCV-JVM */;
			productType = "com.apple.product-type.tool";
		};
/* End PBXNativeTarget section */

/* Begin PBXProject section */
		3F3266602A498593009298CB /* Project object */ = {
			isa = PBXProject;
			attributes = {
				BuildIndependentTargetsInParallel = 1;
				LastUpgradeCheck = 1420;
				TargetAttributes = {
					3F3266672A498593009298CB = {
						CreatedOnToolsVersion = 14.2;
					};
				};
			};
			buildConfigurationList = 3F3266632A498593009298CB /* Build configuration list for PBXProject "RISCV-JVM" */;
			compatibilityVersion = "Xcode 14.0";
			developmentRegion = en;
			hasScannedForEncodings = 0;
			knownRegions = (
				en,
				Base,
			);
			mainGroup = 3F32665F2A498593009298CB;
			productRefGroup = 3F3266692A498593009298CB /* Products */;
			projectDirPath = "";
			projectRoot = "";
			targets = (
				3F3266672A498593009298CB /* RISCV-JVM */,
			);
		};
/* End PBXProject section */

/* Begin PBXSourcesBuildPhase section */
		3F3266642A498593009298CB /* Sources */ = {
			isa = PBXSourcesBuildPhase;
			buildActionMask = 2147483647;
			files = (
				3F41D7EE2A5635AC00689856 /* LocalVariableTable.cpp in Sources */,
				3F41D7F52A56891100689856 /* JavaThread.cpp in Sources */,
				3F41D7FC2A568A8400689856 /* JavaNativeInterface.cpp in Sources */,
				3F41D7EB2A54F22200689856 /* LineNumberTable.cpp in Sources */,
				3F41D7E42A53DF4E00689856 /* CodeAttributeInfo.cpp in Sources */,
				3F41D7F12A5645AE00689856 /* ClassLoader.cpp in Sources */,
				3F3DD6432A4EA82300420E34 /* InstanceKlass.cpp in Sources */,
				3F3DD64E2A4F799600420E34 /* Constants.cpp in Sources */,
				3F41D7E12A53A82200689856 /* AttributeInfo.cpp in Sources */,
				3F32666C2A498593009298CB /* main.cpp in Sources */,
				3F41D7F82A56891A00689856 /* JavaVFrame.cpp in Sources */,
				3F41D7DE2A53A7EC00689856 /* MethodInfo.cpp in Sources */,
				3F3DD64A2A4EBA2C00420E34 /* ConstantPool.cpp in Sources */,
				3F3266752A49860B009298CB /* ClassReader.cpp in Sources */,
				3F41D7E82A53F18C00689856 /* ByteCodeStream.cpp in Sources */,
				3F3DD6472A4EA91500420E34 /* ClassFileParser.cpp in Sources */,
			);
			runOnlyForDeploymentPostprocessing = 0;
		};
/* End PBXSourcesBuildPhase section */

/* Begin XCBuildConfiguration section */
		3F32666D2A498593009298CB /* Debug */ = {
			isa = XCBuildConfiguration;
			buildSettings = {
				ALWAYS_SEARCH_USER_PATHS = NO;
				CLANG_ANALYZER_NONNULL = YES;
				CLANG_ANALYZER_NUMBER_OBJECT_CONVERSION = YES_AGGRESSIVE;
				CLANG_CXX_LANGUAGE_STANDARD = "gnu++20";
				CLANG_ENABLE_MODULES = YES;
				CLANG_ENABLE_OBJC_ARC = YES;
				CLANG_ENABLE_OBJC_WEAK = YES;
				CLANG_WARN_BLOCK_CAPTURE_AUTORELEASING = YES;
				CLANG_WARN_BOOL_CONVERSION = YES;
				CLANG_WARN_COMMA = YES;
				CLANG_WARN_CONSTANT_CONVERSION = YES;
				CLANG_WARN_DEPRECATED_OBJC_IMPLEMENTATIONS = YES;
				CLANG_WARN_DIRECT_OBJC_ISA_USAGE = YES_ERROR;
				CLANG_WARN_DOCUMENTATION_COMMENTS = YES;
				CLANG_WARN_EMPTY_BODY = YES;
				CLANG_WARN_ENUM_CONVERSION = YES;
				CLANG_WARN_INFINITE_RECURSION = YES;
				CLANG_WARN_INT_CONVERSION = YES;
				CLANG_WARN_NON_LITERAL_NULL_CONVERSION = YES;
				CLANG_WARN_OBJC_IMPLICIT_RETAIN_SELF = YES;
				CLANG_WARN_OBJC_LITERAL_CONVERSION = YES;
				CLANG_WARN_OBJC_ROOT_CLASS = YES_ERROR;
				CLANG_WARN_QUOTED_INCLUDE_IN_FRAMEWORK_HEADER = YES;
				CLANG_WARN_RANGE_LOOP_ANALYSIS = YES;
				CLANG_WARN_STRICT_PROTOTYPES = YES;
				CLANG_WARN_SUSPICIOUS_MOVE = YES;
				CLANG_WARN_UNGUARDED_AVAILABILITY = YES_AGGRESSIVE;
				CLANG_WARN_UNREACHABLE_CODE = YES;
				CLANG_WARN__DUPLICATE_METHOD_MATCH = YES;
				COPY_PHASE_STRIP = NO;
				DEBUG_INFORMATION_FORMAT = dwarf;
				ENABLE_STRICT_OBJC_MSGSEND = YES;
				ENABLE_TESTABILITY = YES;
				GCC_C_LANGUAGE_STANDARD = gnu11;
				GCC_DYNAMIC_NO_PIC = NO;
				GCC_NO_COMMON_BLOCKS = YES;
				GCC_OPTIMIZATION_LEVEL = 0;
				GCC_PREPROCESSOR_DEFINITIONS = (
					"DEBUG=1",
					"$(inherited)",
				);
				GCC_WARN_64_TO_32_BIT_CONVERSION = YES;
				GCC_WARN_ABOUT_RETURN_TYPE = YES_ERROR;
				GCC_WARN_UNDECLARED_SELECTOR = YES;
				GCC_WARN_UNINITIALIZED_AUTOS = YES_AGGRESSIVE;
				GCC_WARN_UNUSED_FUNCTION = YES;
				GCC_WARN_UNUSED_VARIABLE = YES;
				MACOSX_DEPLOYMENT_TARGET = 13.1;
				MTL_ENABLE_DEBUG_INFO = INCLUDE_SOURCE;
				MTL_FAST_MATH = YES;
				ONLY_ACTIVE_ARCH = YES;
				SDKROOT = macosx;
			};
			name = Debug;
		};
		3F32666E2A498594009298CB /* Release */ = {
			isa = XCBuildConfiguration;
			buildSettings = {
				ALWAYS_SEARCH_USER_PATHS = NO;
				CLANG_ANALYZER_NONNULL = YES;
				CLANG_ANALYZER_NUMBER_OBJECT_CONVERSION = YES_AGGRESSIVE;
				CLANG_CXX_LANGUAGE_STANDARD = "gnu++20";
				CLANG_ENABLE_MODULES = YES;
				CLANG_ENABLE_OBJC_ARC = YES;
				CLANG_ENABLE_OBJC_WEAK = YES;
				CLANG_WARN_BLOCK_CAPTURE_AUTORELEASING = YES;
				CLANG_WARN_BOOL_CONVERSION = YES;
				CLANG_WARN_COMMA = YES;
				CLANG_WARN_CONSTANT_CONVERSION = YES;
				CLANG_WARN_DEPRECATED_OBJC_IMPLEMENTATIONS = YES;
				CLANG_WARN_DIRECT_OBJC_ISA_USAGE = YES_ERROR;
				CLANG_WARN_DOCUMENTATION_COMMENTS = YES;
				CLANG_WARN_EMPTY_BODY = YES;
				CLANG_WARN_ENUM_CONVERSION = YES;
				CLANG_WARN_INFINITE_RECURSION = YES;
				CLANG_WARN_INT_CONVERSION = YES;
				CLANG_WARN_NON_LITERAL_NULL_CONVERSION = YES;
				CLANG_WARN_OBJC_IMPLICIT_RETAIN_SELF = YES;
				CLANG_WARN_OBJC_LITERAL_CONVERSION = YES;
				CLANG_WARN_OBJC_ROOT_CLASS = YES_ERROR;
				CLANG_WARN_QUOTED_INCLUDE_IN_FRAMEWORK_HEADER = YES;
				CLANG_WARN_RANGE_LOOP_ANALYSIS = YES;
				CLANG_WARN_STRICT_PROTOTYPES = YES;
				CLANG_WARN_SUSPICIOUS_MOVE = YES;
				CLANG_WARN_UNGUARDED_AVAILABILITY = YES_AGGRESSIVE;
				CLANG_WARN_UNREACHABLE_CODE = YES;
				CLANG_WARN__DUPLICATE_METHOD_MATCH = YES;
				COPY_PHASE_STRIP = NO;
				DEBUG_INFORMATION_FORMAT = "dwarf-with-dsym";
				ENABLE_NS_ASSERTIONS = NO;
				ENABLE_STRICT_OBJC_MSGSEND = YES;
				GCC_C_LANGUAGE_STANDARD = gnu11;
				GCC_NO_COMMON_BLOCKS = YES;
				GCC_WARN_64_TO_32_BIT_CONVERSION = YES;
				GCC_WARN_ABOUT_RETURN_TYPE = YES_ERROR;
				GCC_WARN_UNDECLARED_SELECTOR = YES;
				GCC_WARN_UNINITIALIZED_AUTOS = YES_AGGRESSIVE;
				GCC_WARN_UNUSED_FUNCTION = YES;
				GCC_WARN_UNUSED_VARIABLE = YES;
				MACOSX_DEPLOYMENT_TARGET = 13.1;
				MTL_ENABLE_DEBUG_INFO = NO;
				MTL_FAST_MATH = YES;
				SDKROOT = macosx;
			};
			name = Release;
		};
		3F3266702A498594009298CB /* Debug */ = {
			isa = XCBuildConfiguration;
			buildSettings = {
				CLANG_CXX_LANGUAGE_STANDARD = "c++17";
				CODE_SIGN_STYLE = Automatic;
				PRODUCT_NAME = "$(TARGET_NAME)";
			};
			name = Debug;
		};
		3F3266712A498594009298CB /* Release */ = {
			isa = XCBuildConfiguration;
			buildSettings = {
				CLANG_CXX_LANGUAGE_STANDARD = "c++17";
				CODE_SIGN_STYLE = Automatic;
				PRODUCT_NAME = "$(TARGET_NAME)";
			};
			name = Release;
		};
/* End XCBuildConfiguration section */

/* Begin XCConfigurationList section */
		3F3266632A498593009298CB /* Build configuration list for PBXProject "RISCV-JVM" */ = {
			isa = XCConfigurationList;
			buildConfigurations = (
				3F32666D2A498593009298CB /* Debug */,
				3F32666E2A498594009298CB /* Release */,
			);
			defaultConfigurationIsVisible = 0;
			defaultConfigurationName = Release;
		};
		3F32666F2A498594009298CB /* Build configuration list for PBXNativeTarget "RISCV-JVM" */ = {
			isa = XCConfigurationList;
			buildConfigurations = (
				3F3266702A498594009298CB /* Debug */,
				3F3266712A498594009298CB /* Release */,
			);
			defaultConfigurationIsVisible = 0;
			defaultConfigurationName = Release;
		};
/* End XCConfigurationList section */
	};
	rootObject = 3F3266602A498593009298CB /* Project object */;
}
